
Microsoft Visual Studio Solution File, Format Version 12.00
# Visual Studio Version 17
VisualStudioVersion = 17.14.36301.6 d17.14
MinimumVisualStudioVersion = 10.0.40219.1
Project("{FAE04EC0-301F-11D3-BF4B-00C04F79EFBC}") = "Final Project", "Final Project.csproj", "{6DE80D60-9CEE-43EF-92BD-FAB38BCA6E91}"
EndProject
Global
	GlobalSection(SolutionConfigurationPlatforms) = preSolution
		Debug|Any CPU = Debug|Any CPU
		Release|Any CPU = Release|Any CPU
	EndGlobalSection
	GlobalSection(ProjectConfigurationPlatforms) = postSolution
		{6DE80D60-9CEE-43EF-92BD-FAB38BCA6E91}.Debug|Any CPU.ActiveCfg = Debug|Any CPU
		{6DE80D60-9CEE-43EF-92BD-FAB38BCA6E91}.Debug|Any CPU.Build.0 = Debug|Any CPU
		{6DE80D60-9CEE-43EF-92BD-FAB38BCA6E91}.Release|Any CPU.ActiveCfg = Release|Any CPU
		{6DE80D60-9CEE-43EF-92BD-FAB38BCA6E91}.Release|Any CPU.Build.0 = Release|Any CPU
	EndGlobalSection
	GlobalSection(SolutionProperties) = preSolution
		HideSolutionNode = FALSE
	EndGlobalSection
	GlobalSection(ExtensibilityGlobals) = postSolution
		SolutionGuid = {1A9EA2F2-B1D2-478A-9DBD-01DBAB9D86BD}
	EndGlobalSection
EndGlobal
